// !$*UTF8*$!
{
	archiveVersion = 1;
	classes = {
	};
	objectVersion = 52;
	objects = {

/* Begin PBXBuildFile section */
		4912539625326610002E000C /* UITableView+Extensions.swift in Sources */ = {isa = PBXBuildFile; fileRef = 4912539525326610002E000C /* UITableView+Extensions.swift */; };
		4933EBA5253A9FF100B3A517 /* Invitation.swift in Sources */ = {isa = PBXBuildFile; fileRef = 4933EBA4253A9FF100B3A517 /* Invitation.swift */; };
		4933EBA9253AA05800B3A517 /* Message.swift in Sources */ = {isa = PBXBuildFile; fileRef = 4933EBA8253AA05800B3A517 /* Message.swift */; };
		4933EBAE253AA20400B3A517 /* ChatClient.swift in Sources */ = {isa = PBXBuildFile; fileRef = 4933EBAD253AA20400B3A517 /* ChatClient.swift */; };
		4933EBB4253AA40400B3A517 /* Optional+Abstractions.swift in Sources */ = {isa = PBXBuildFile; fileRef = 4933EBB3253AA40400B3A517 /* Optional+Abstractions.swift */; };
		495E8DF0253256DF00E7FFAD /* AppDelegate.swift in Sources */ = {isa = PBXBuildFile; fileRef = 495E8DEF253256DF00E7FFAD /* AppDelegate.swift */; };
		495E8DF2253256DF00E7FFAD /* SceneDelegate.swift in Sources */ = {isa = PBXBuildFile; fileRef = 495E8DF1253256DF00E7FFAD /* SceneDelegate.swift */; };
		495E8DF6253256E200E7FFAD /* Assets.xcassets in Resources */ = {isa = PBXBuildFile; fileRef = 495E8DF5253256E200E7FFAD /* Assets.xcassets */; };
		495E8DFC253256E200E7FFAD /* LaunchScreen.storyboard in Resources */ = {isa = PBXBuildFile; fileRef = 495E8DFA253256E200E7FFAD /* LaunchScreen.storyboard */; };
		495E8E0C25325EFB00E7FFAD /* SnapKit in Frameworks */ = {isa = PBXBuildFile; productRef = 495E8E0B25325EFB00E7FFAD /* SnapKit */; };
		495E8E0F25325F7000E7FFAD /* ChatBrowserController.swift in Sources */ = {isa = PBXBuildFile; fileRef = 495E8E0E25325F7000E7FFAD /* ChatBrowserController.swift */; };
		496B825A2535094700C94FDE /* EntryView.swift in Sources */ = {isa = PBXBuildFile; fileRef = 496B82592535094700C94FDE /* EntryView.swift */; };
		496D025E2533B15700D44BEE /* ChatController.swift in Sources */ = {isa = PBXBuildFile; fileRef = 496D025D2533B15700D44BEE /* ChatController.swift */; };
		496D02622533B1C700D44BEE /* SnapKit+Extensions.swift in Sources */ = {isa = PBXBuildFile; fileRef = 496D02612533B1C700D44BEE /* SnapKit+Extensions.swift */; };
		496D028D2533B4FE00D44BEE /* KeyboardLayoutGuide.swift in Sources */ = {isa = PBXBuildFile; fileRef = 496D028C2533B4FE00D44BEE /* KeyboardLayoutGuide.swift */; };
		496D02902533CCEC00D44BEE /* UIView+Extensions.swift in Sources */ = {isa = PBXBuildFile; fileRef = 496D028F2533CCEB00D44BEE /* UIView+Extensions.swift */; };
		496D02952533D68100D44BEE /* Constants.swift in Sources */ = {isa = PBXBuildFile; fileRef = 496D02942533D68100D44BEE /* Constants.swift */; };
		496D029B2533DAEC00D44BEE /* Init.swift in Sources */ = {isa = PBXBuildFile; fileRef = 496D029A2533DAEC00D44BEE /* Init.swift */; };
		496D029E2533E14200D44BEE /* UIImage+Extensions.swift in Sources */ = {isa = PBXBuildFile; fileRef = 496D029D2533E14200D44BEE /* UIImage+Extensions.swift */; };
		498B733B253510BC00AD1A9F /* ReSwift in Frameworks */ = {isa = PBXBuildFile; productRef = 498B733A253510BC00AD1A9F /* ReSwift */; };
		498B734425353A1700AD1A9F /* Optional+Extensions.swift in Sources */ = {isa = PBXBuildFile; fileRef = 498B734325353A1700AD1A9F /* Optional+Extensions.swift */; };
		498B734725353A5200AD1A9F /* Sequence+Extensions.swift in Sources */ = {isa = PBXBuildFile; fileRef = 498B734625353A5200AD1A9F /* Sequence+Extensions.swift */; };
		499C5B13253A7EF400778314 /* Codable+Extensions.swift in Sources */ = {isa = PBXBuildFile; fileRef = 499C5B12253A7EF400778314 /* Codable+Extensions.swift */; };
		49EBDE582537D5F200BD0129 /* ChatManager.swift in Sources */ = {isa = PBXBuildFile; fileRef = 49EBDE572537D5F200BD0129 /* ChatManager.swift */; };
		49EBDE5B2537E52800BD0129 /* MultiSimConfig.txt in Resources */ = {isa = PBXBuildFile; fileRef = 49EBDE5A2537E52800BD0129 /* MultiSimConfig.txt */; };
		49EBDE5E2537E59500BD0129 /* LaunchMultiSim.sh in Resources */ = {isa = PBXBuildFile; fileRef = 49EBDE5D2537E59500BD0129 /* LaunchMultiSim.sh */; };
		49EBDE7625380C1400BD0129 /* AppState.swift in Sources */ = {isa = PBXBuildFile; fileRef = 49EBDE7525380C1300BD0129 /* AppState.swift */; };
		49EBDE7A25380E1200BD0129 /* BrowserState.swift in Sources */ = {isa = PBXBuildFile; fileRef = 49EBDE7925380E1200BD0129 /* BrowserState.swift */; };
		49EBDE7D25380E1E00BD0129 /* Store.swift in Sources */ = {isa = PBXBuildFile; fileRef = 49EBDE7C25380E1E00BD0129 /* Store.swift */; };
		49EBDE832538160100BD0129 /* ChatState.swift in Sources */ = {isa = PBXBuildFile; fileRef = 49EBDE822538160100BD0129 /* ChatState.swift */; };
		49EBDE882538B28E00BD0129 /* PreferencesManager.swift in Sources */ = {isa = PBXBuildFile; fileRef = 49EBDE872538B28E00BD0129 /* PreferencesManager.swift */; };
		49EBDE912538B60600BD0129 /* Preference.swift in Sources */ = {isa = PBXBuildFile; fileRef = 49EBDE902538B60600BD0129 /* Preference.swift */; };
		49EBDE942538B89600BD0129 /* Middleware.swift in Sources */ = {isa = PBXBuildFile; fileRef = 49EBDE932538B89600BD0129 /* Middleware.swift */; };
/* End PBXBuildFile section */

/* Begin PBXFileReference section */
		4912539525326610002E000C /* UITableView+Extensions.swift */ = {isa = PBXFileReference; lastKnownFileType = sourcecode.swift; path = "UITableView+Extensions.swift"; sourceTree = "<group>"; };
		4912539A253267BE002E000C /* Base */ = {isa = PBXFileReference; lastKnownFileType = file.storyboard; name = Base; path = Base.lproj/LaunchScreen.storyboard; sourceTree = "<group>"; };
		4933EBA4253A9FF100B3A517 /* Invitation.swift */ = {isa = PBXFileReference; lastKnownFileType = sourcecode.swift; path = Invitation.swift; sourceTree = "<group>"; };
		4933EBA8253AA05800B3A517 /* Message.swift */ = {isa = PBXFileReference; lastKnownFileType = sourcecode.swift; path = Message.swift; sourceTree = "<group>"; };
		4933EBAD253AA20400B3A517 /* ChatClient.swift */ = {isa = PBXFileReference; lastKnownFileType = sourcecode.swift; path = ChatClient.swift; sourceTree = "<group>"; };
		4933EBB3253AA40400B3A517 /* Optional+Abstractions.swift */ = {isa = PBXFileReference; lastKnownFileType = sourcecode.swift; path = "Optional+Abstractions.swift"; sourceTree = "<group>"; };
		495E8DEC253256DF00E7FFAD /* Nearby.app */ = {isa = PBXFileReference; explicitFileType = wrapper.application; includeInIndex = 0; path = Nearby.app; sourceTree = BUILT_PRODUCTS_DIR; };
		495E8DEF253256DF00E7FFAD /* AppDelegate.swift */ = {isa = PBXFileReference; lastKnownFileType = sourcecode.swift; path = AppDelegate.swift; sourceTree = "<group>"; };
		495E8DF1253256DF00E7FFAD /* SceneDelegate.swift */ = {isa = PBXFileReference; lastKnownFileType = sourcecode.swift; path = SceneDelegate.swift; sourceTree = "<group>"; };
		495E8DF5253256E200E7FFAD /* Assets.xcassets */ = {isa = PBXFileReference; lastKnownFileType = folder.assetcatalog; path = Assets.xcassets; sourceTree = "<group>"; };
		495E8DFD253256E200E7FFAD /* Info.plist */ = {isa = PBXFileReference; lastKnownFileType = text.plist.xml; path = Info.plist; sourceTree = "<group>"; };
		495E8E0E25325F7000E7FFAD /* ChatBrowserController.swift */ = {isa = PBXFileReference; lastKnownFileType = sourcecode.swift; path = ChatBrowserController.swift; sourceTree = "<group>"; };
		496B82592535094700C94FDE /* EntryView.swift */ = {isa = PBXFileReference; lastKnownFileType = sourcecode.swift; path = EntryView.swift; sourceTree = "<group>"; };
		496D025D2533B15700D44BEE /* ChatController.swift */ = {isa = PBXFileReference; lastKnownFileType = sourcecode.swift; path = ChatController.swift; sourceTree = "<group>"; };
		496D02612533B1C700D44BEE /* SnapKit+Extensions.swift */ = {isa = PBXFileReference; lastKnownFileType = sourcecode.swift; path = "SnapKit+Extensions.swift"; sourceTree = "<group>"; };
		496D028C2533B4FE00D44BEE /* KeyboardLayoutGuide.swift */ = {isa = PBXFileReference; lastKnownFileType = sourcecode.swift; path = KeyboardLayoutGuide.swift; sourceTree = "<group>"; };
		496D028F2533CCEB00D44BEE /* UIView+Extensions.swift */ = {isa = PBXFileReference; lastKnownFileType = sourcecode.swift; path = "UIView+Extensions.swift"; sourceTree = "<group>"; };
		496D02942533D68100D44BEE /* Constants.swift */ = {isa = PBXFileReference; lastKnownFileType = sourcecode.swift; path = Constants.swift; sourceTree = "<group>"; };
		496D029A2533DAEC00D44BEE /* Init.swift */ = {isa = PBXFileReference; lastKnownFileType = sourcecode.swift; path = Init.swift; sourceTree = "<group>"; };
		496D029D2533E14200D44BEE /* UIImage+Extensions.swift */ = {isa = PBXFileReference; lastKnownFileType = sourcecode.swift; path = "UIImage+Extensions.swift"; sourceTree = "<group>"; };
		498B734325353A1700AD1A9F /* Optional+Extensions.swift */ = {isa = PBXFileReference; lastKnownFileType = sourcecode.swift; path = "Optional+Extensions.swift"; sourceTree = "<group>"; };
		498B734625353A5200AD1A9F /* Sequence+Extensions.swift */ = {isa = PBXFileReference; lastKnownFileType = sourcecode.swift; path = "Sequence+Extensions.swift"; sourceTree = "<group>"; };
		499C5B12253A7EF400778314 /* Codable+Extensions.swift */ = {isa = PBXFileReference; lastKnownFileType = sourcecode.swift; path = "Codable+Extensions.swift"; sourceTree = "<group>"; };
		49EBDE572537D5F200BD0129 /* ChatManager.swift */ = {isa = PBXFileReference; lastKnownFileType = sourcecode.swift; path = ChatManager.swift; sourceTree = "<group>"; };
		49EBDE5A2537E52800BD0129 /* MultiSimConfig.txt */ = {isa = PBXFileReference; lastKnownFileType = text; path = MultiSimConfig.txt; sourceTree = "<group>"; };
		49EBDE5D2537E59500BD0129 /* LaunchMultiSim.sh */ = {isa = PBXFileReference; lastKnownFileType = text.script.sh; path = LaunchMultiSim.sh; sourceTree = "<group>"; };
		49EBDE7525380C1300BD0129 /* AppState.swift */ = {isa = PBXFileReference; lastKnownFileType = sourcecode.swift; path = AppState.swift; sourceTree = "<group>"; };
		49EBDE7925380E1200BD0129 /* BrowserState.swift */ = {isa = PBXFileReference; lastKnownFileType = sourcecode.swift; path = BrowserState.swift; sourceTree = "<group>"; };
		49EBDE7C25380E1E00BD0129 /* Store.swift */ = {isa = PBXFileReference; lastKnownFileType = sourcecode.swift; path = Store.swift; sourceTree = "<group>"; };
		49EBDE822538160100BD0129 /* ChatState.swift */ = {isa = PBXFileReference; lastKnownFileType = sourcecode.swift; path = ChatState.swift; sourceTree = "<group>"; };
		49EBDE872538B28E00BD0129 /* PreferencesManager.swift */ = {isa = PBXFileReference; lastKnownFileType = sourcecode.swift; path = PreferencesManager.swift; sourceTree = "<group>"; };
		49EBDE902538B60600BD0129 /* Preference.swift */ = {isa = PBXFileReference; lastKnownFileType = sourcecode.swift; path = Preference.swift; sourceTree = "<group>"; };
		49EBDE932538B89600BD0129 /* Middleware.swift */ = {isa = PBXFileReference; lastKnownFileType = sourcecode.swift; path = Middleware.swift; sourceTree = "<group>"; };
/* End PBXFileReference section */

/* Begin PBXFrameworksBuildPhase section */
		495E8DE9253256DF00E7FFAD /* Frameworks */ = {
			isa = PBXFrameworksBuildPhase;
			buildActionMask = 2147483647;
			files = (
				495E8E0C25325EFB00E7FFAD /* SnapKit in Frameworks */,
				498B733B253510BC00AD1A9F /* ReSwift in Frameworks */,
			);
			runOnlyForDeploymentPostprocessing = 0;
		};
/* End PBXFrameworksBuildPhase section */

/* Begin PBXGroup section */
		49125394253265FF002E000C /* Extensions */ = {
			isa = PBXGroup;
			children = (
				4912539525326610002E000C /* UITableView+Extensions.swift */,
				496D02612533B1C700D44BEE /* SnapKit+Extensions.swift */,
				496D028F2533CCEB00D44BEE /* UIView+Extensions.swift */,
				496D029D2533E14200D44BEE /* UIImage+Extensions.swift */,
				498B734325353A1700AD1A9F /* Optional+Extensions.swift */,
				498B734625353A5200AD1A9F /* Sequence+Extensions.swift */,
				499C5B12253A7EF400778314 /* Codable+Extensions.swift */,
			);
			path = Extensions;
			sourceTree = "<group>";
		};
		4933EBA3253A9FE200B3A517 /* Models */ = {
			isa = PBXGroup;
			children = (
				4933EBA4253A9FF100B3A517 /* Invitation.swift */,
				4933EBA8253AA05800B3A517 /* Message.swift */,
				4933EBAD253AA20400B3A517 /* ChatClient.swift */,
			);
			path = Models;
			sourceTree = "<group>";
		};
		4933EBB2253AA38900B3A517 /* Chat */ = {
			isa = PBXGroup;
			children = (
				496D025D2533B15700D44BEE /* ChatController.swift */,
				496B82592535094700C94FDE /* EntryView.swift */,
			);
			path = Chat;
			sourceTree = "<group>";
		};
		495E8DE3253256DF00E7FFAD = {
			isa = PBXGroup;
			children = (
				495E8DEE253256DF00E7FFAD /* Nearby */,
				495E8DED253256DF00E7FFAD /* Products */,
			);
			sourceTree = "<group>";
		};
		495E8DED253256DF00E7FFAD /* Products */ = {
			isa = PBXGroup;
			children = (
				495E8DEC253256DF00E7FFAD /* Nearby.app */,
			);
			name = Products;
			sourceTree = "<group>";
		};
		495E8DEE253256DF00E7FFAD /* Nearby */ = {
			isa = PBXGroup;
			children = (
				495E8E052532588800E7FFAD /* Supporting Files */,
				498B733D253510C300AD1A9F /* Redux */,
				49EBDE862538B28100BD0129 /* Managers */,
				4933EBA3253A9FE200B3A517 /* Models */,
				495E8E092532595A00E7FFAD /* View */,
				496D02932533D67500D44BEE /* Helpers */,
				49125394253265FF002E000C /* Extensions */,
			);
			path = Nearby;
			sourceTree = "<group>";
		};
		495E8E052532588800E7FFAD /* Supporting Files */ = {
			isa = PBXGroup;
			children = (
				495E8DEF253256DF00E7FFAD /* AppDelegate.swift */,
				495E8DF1253256DF00E7FFAD /* SceneDelegate.swift */,
				495E8DF5253256E200E7FFAD /* Assets.xcassets */,
				495E8DFA253256E200E7FFAD /* LaunchScreen.storyboard */,
				495E8DFD253256E200E7FFAD /* Info.plist */,
				49EBDE5A2537E52800BD0129 /* MultiSimConfig.txt */,
				49EBDE5D2537E59500BD0129 /* LaunchMultiSim.sh */,
			);
			path = "Supporting Files";
			sourceTree = "<group>";
		};
		495E8E092532595A00E7FFAD /* View */ = {
			isa = PBXGroup;
			children = (
				495E8E0E25325F7000E7FFAD /* ChatBrowserController.swift */,
				4933EBB2253AA38900B3A517 /* Chat */,
			);
			path = View;
			sourceTree = "<group>";
		};
		496D02932533D67500D44BEE /* Helpers */ = {
			isa = PBXGroup;
			children = (
				496D02942533D68100D44BEE /* Constants.swift */,
				496D029A2533DAEC00D44BEE /* Init.swift */,
				49EBDE902538B60600BD0129 /* Preference.swift */,
				49EBDE932538B89600BD0129 /* Middleware.swift */,
				496D028C2533B4FE00D44BEE /* KeyboardLayoutGuide.swift */,
				4933EBB3253AA40400B3A517 /* Optional+Abstractions.swift */,
			);
			path = Helpers;
			sourceTree = "<group>";
		};
		498B733D253510C300AD1A9F /* Redux */ = {
			isa = PBXGroup;
			children = (
				49EBDE7C25380E1E00BD0129 /* Store.swift */,
				49EBDE7525380C1300BD0129 /* AppState.swift */,
				49EBDE7925380E1200BD0129 /* BrowserState.swift */,
				49EBDE822538160100BD0129 /* ChatState.swift */,
			);
			path = Redux;
			sourceTree = "<group>";
		};
		49EBDE862538B28100BD0129 /* Managers */ = {
			isa = PBXGroup;
			children = (
				49EBDE572537D5F200BD0129 /* ChatManager.swift */,
				49EBDE872538B28E00BD0129 /* PreferencesManager.swift */,
			);
			path = Managers;
			sourceTree = "<group>";
		};
/* End PBXGroup section */

/* Begin PBXNativeTarget section */
		495E8DEB253256DF00E7FFAD /* Nearby */ = {
			isa = PBXNativeTarget;
			buildConfigurationList = 495E8E00253256E200E7FFAD /* Build configuration list for PBXNativeTarget "Nearby" */;
			buildPhases = (
				495E8DE8253256DF00E7FFAD /* Sources */,
				495E8DE9253256DF00E7FFAD /* Frameworks */,
				495E8DEA253256DF00E7FFAD /* Resources */,
				49EBDE602537E64E00BD0129 /* Launch MultiSim */,
			);
			buildRules = (
			);
			dependencies = (
			);
			name = Nearby;
			packageProductDependencies = (
				495E8E0B25325EFB00E7FFAD /* SnapKit */,
				498B733A253510BC00AD1A9F /* ReSwift */,
			);
			productName = Nearby;
			productReference = 495E8DEC253256DF00E7FFAD /* Nearby.app */;
			productType = "com.apple.product-type.application";
		};
/* End PBXNativeTarget section */

/* Begin PBXProject section */
		495E8DE4253256DF00E7FFAD /* Project object */ = {
			isa = PBXProject;
			attributes = {
				LastSwiftUpdateCheck = 1200;
				LastUpgradeCheck = 1200;
				TargetAttributes = {
					495E8DEB253256DF00E7FFAD = {
						CreatedOnToolsVersion = 12.0.1;
					};
				};
			};
			buildConfigurationList = 495E8DE7253256DF00E7FFAD /* Build configuration list for PBXProject "Nearby" */;
			compatibilityVersion = "Xcode 9.3";
			developmentRegion = en;
			hasScannedForEncodings = 0;
			knownRegions = (
				en,
				Base,
			);
			mainGroup = 495E8DE3253256DF00E7FFAD;
			packageReferences = (
				495E8E0A25325EFB00E7FFAD /* XCRemoteSwiftPackageReference "SnapKit" */,
				498B7339253510BC00AD1A9F /* XCRemoteSwiftPackageReference "ReSwift" */,
			);
			productRefGroup = 495E8DED253256DF00E7FFAD /* Products */;
			projectDirPath = "";
			projectRoot = "";
			targets = (
				495E8DEB253256DF00E7FFAD /* Nearby */,
			);
		};
/* End PBXProject section */

/* Begin PBXResourcesBuildPhase section */
		495E8DEA253256DF00E7FFAD /* Resources */ = {
			isa = PBXResourcesBuildPhase;
			buildActionMask = 2147483647;
			files = (
				495E8DFC253256E200E7FFAD /* LaunchScreen.storyboard in Resources */,
				49EBDE5E2537E59500BD0129 /* LaunchMultiSim.sh in Resources */,
				495E8DF6253256E200E7FFAD /* Assets.xcassets in Resources */,
				49EBDE5B2537E52800BD0129 /* MultiSimConfig.txt in Resources */,
			);
			runOnlyForDeploymentPostprocessing = 0;
		};
/* End PBXResourcesBuildPhase section */

/* Begin PBXShellScriptBuildPhase section */
		49EBDE602537E64E00BD0129 /* Launch MultiSim */ = {
			isa = PBXShellScriptBuildPhase;
			buildActionMask = 2147483647;
			files = (
			);
			inputFileListPaths = (
			);
			inputPaths = (
			);
			name = "Launch MultiSim";
			outputFileListPaths = (
			);
			outputPaths = (
			);
			runOnlyForDeploymentPostprocessing = 0;
			shellPath = /bin/sh;
			shellScript = "custom_sim=`xcrun simctl list | grep 'MultiSim' | awk -F'[()]' '{print $2}'`\nif [ ! -z \"${custom_sim}\" ] && [ \"${TARGET_DEVICE_IDENTIFIER}\" = \"${custom_sim}\" ]; then\n  SCRIPT_PATH=\"${SRCROOT}/Nearby/Supporting Files/LaunchMultiSim.sh\"\n  /bin/sh \"${SCRIPT_PATH}\"\nfi\n";
		};
/* End PBXShellScriptBuildPhase section */

/* Begin PBXSourcesBuildPhase section */
		495E8DE8253256DF00E7FFAD /* Sources */ = {
			isa = PBXSourcesBuildPhase;
			buildActionMask = 2147483647;
			files = (
				496D02622533B1C700D44BEE /* SnapKit+Extensions.swift in Sources */,
				496B825A2535094700C94FDE /* EntryView.swift in Sources */,
				49EBDE882538B28E00BD0129 /* PreferencesManager.swift in Sources */,
				498B734725353A5200AD1A9F /* Sequence+Extensions.swift in Sources */,
				49EBDE7D25380E1E00BD0129 /* Store.swift in Sources */,
				496D028D2533B4FE00D44BEE /* KeyboardLayoutGuide.swift in Sources */,
				49EBDE582537D5F200BD0129 /* ChatManager.swift in Sources */,
				4933EBA9253AA05800B3A517 /* Message.swift in Sources */,
				49EBDE912538B60600BD0129 /* Preference.swift in Sources */,
				4933EBA5253A9FF100B3A517 /* Invitation.swift in Sources */,
				498B734425353A1700AD1A9F /* Optional+Extensions.swift in Sources */,
				495E8DF0253256DF00E7FFAD /* AppDelegate.swift in Sources */,
				49EBDE7625380C1400BD0129 /* AppState.swift in Sources */,
				49EBDE7A25380E1200BD0129 /* BrowserState.swift in Sources */,
				496D029E2533E14200D44BEE /* UIImage+Extensions.swift in Sources */,
				49EBDE942538B89600BD0129 /* Middleware.swift in Sources */,
				496D02902533CCEC00D44BEE /* UIView+Extensions.swift in Sources */,
				495E8DF2253256DF00E7FFAD /* SceneDelegate.swift in Sources */,
				49EBDE832538160100BD0129 /* ChatState.swift in Sources */,
				496D029B2533DAEC00D44BEE /* Init.swift in Sources */,
				4933EBAE253AA20400B3A517 /* ChatClient.swift in Sources */,
				496D02952533D68100D44BEE /* Constants.swift in Sources */,
				495E8E0F25325F7000E7FFAD /* ChatBrowserController.swift in Sources */,
				4933EBB4253AA40400B3A517 /* Optional+Abstractions.swift in Sources */,
				4912539625326610002E000C /* UITableView+Extensions.swift in Sources */,
				499C5B13253A7EF400778314 /* Codable+Extensions.swift in Sources */,
				496D025E2533B15700D44BEE /* ChatController.swift in Sources */,
			);
			runOnlyForDeploymentPostprocessing = 0;
		};
/* End PBXSourcesBuildPhase section */

/* Begin PBXVariantGroup section */
		495E8DFA253256E200E7FFAD /* LaunchScreen.storyboard */ = {
			isa = PBXVariantGroup;
			children = (
				4912539A253267BE002E000C /* Base */,
			);
			name = LaunchScreen.storyboard;
			sourceTree = "<group>";
		};
/* End PBXVariantGroup section */

/* Begin XCBuildConfiguration section */
		495E8DFE253256E200E7FFAD /* Debug */ = {
			isa = XCBuildConfiguration;
			buildSettings = {
				ALWAYS_SEARCH_USER_PATHS = NO;
				CLANG_ANALYZER_LOCALIZABILITY_NONLOCALIZED = YES;
				CLANG_ANALYZER_NONNULL = YES;
				CLANG_ANALYZER_NUMBER_OBJECT_CONVERSION = YES_AGGRESSIVE;
				CLANG_CXX_LANGUAGE_STANDARD = "gnu++14";
				CLANG_CXX_LIBRARY = "libc++";
				CLANG_ENABLE_MODULES = YES;
				CLANG_ENABLE_OBJC_ARC = YES;
				CLANG_ENABLE_OBJC_WEAK = YES;
				CLANG_WARN_BLOCK_CAPTURE_AUTORELEASING = YES;
				CLANG_WARN_BOOL_CONVERSION = YES;
				CLANG_WARN_COMMA = YES;
				CLANG_WARN_CONSTANT_CONVERSION = YES;
				CLANG_WARN_DEPRECATED_OBJC_IMPLEMENTATIONS = YES;
				CLANG_WARN_DIRECT_OBJC_ISA_USAGE = YES_ERROR;
				CLANG_WARN_DOCUMENTATION_COMMENTS = YES;
				CLANG_WARN_EMPTY_BODY = YES;
				CLANG_WARN_ENUM_CONVERSION = YES;
				CLANG_WARN_INFINITE_RECURSION = YES;
				CLANG_WARN_INT_CONVERSION = YES;
				CLANG_WARN_NON_LITERAL_NULL_CONVERSION = YES;
				CLANG_WARN_OBJC_IMPLICIT_RETAIN_SELF = YES;
				CLANG_WARN_OBJC_LITERAL_CONVERSION = YES;
				CLANG_WARN_OBJC_ROOT_CLASS = YES_ERROR;
				CLANG_WARN_QUOTED_INCLUDE_IN_FRAMEWORK_HEADER = YES;
				CLANG_WARN_RANGE_LOOP_ANALYSIS = YES;
				CLANG_WARN_STRICT_PROTOTYPES = YES;
				CLANG_WARN_SUSPICIOUS_MOVE = YES;
				CLANG_WARN_UNGUARDED_AVAILABILITY = YES_AGGRESSIVE;
				CLANG_WARN_UNREACHABLE_CODE = YES;
				CLANG_WARN__DUPLICATE_METHOD_MATCH = YES;
				COPY_PHASE_STRIP = NO;
				DEBUG_INFORMATION_FORMAT = dwarf;
				ENABLE_STRICT_OBJC_MSGSEND = YES;
				ENABLE_TESTABILITY = YES;
				GCC_C_LANGUAGE_STANDARD = gnu11;
				GCC_DYNAMIC_NO_PIC = NO;
				GCC_NO_COMMON_BLOCKS = YES;
				GCC_OPTIMIZATION_LEVEL = 0;
				GCC_PREPROCESSOR_DEFINITIONS = (
					"DEBUG=1",
					"$(inherited)",
				);
				GCC_WARN_64_TO_32_BIT_CONVERSION = YES;
				GCC_WARN_ABOUT_RETURN_TYPE = YES_ERROR;
				GCC_WARN_UNDECLARED_SELECTOR = YES;
				GCC_WARN_UNINITIALIZED_AUTOS = YES_AGGRESSIVE;
				GCC_WARN_UNUSED_FUNCTION = YES;
				GCC_WARN_UNUSED_VARIABLE = YES;
				IPHONEOS_DEPLOYMENT_TARGET = 14.0;
				MTL_ENABLE_DEBUG_INFO = INCLUDE_SOURCE;
				MTL_FAST_MATH = YES;
				ONLY_ACTIVE_ARCH = YES;
				SDKROOT = iphoneos;
				SWIFT_ACTIVE_COMPILATION_CONDITIONS = DEBUG;
				SWIFT_OPTIMIZATION_LEVEL = "-Onone";
			};
			name = Debug;
		};
		495E8DFF253256E200E7FFAD /* Release */ = {
			isa = XCBuildConfiguration;
			buildSettings = {
				ALWAYS_SEARCH_USER_PATHS = NO;
				CLANG_ANALYZER_LOCALIZABILITY_NONLOCALIZED = YES;
				CLANG_ANALYZER_NONNULL = YES;
				CLANG_ANALYZER_NUMBER_OBJECT_CONVERSION = YES_AGGRESSIVE;
				CLANG_CXX_LANGUAGE_STANDARD = "gnu++14";
				CLANG_CXX_LIBRARY = "libc++";
				CLANG_ENABLE_MODULES = YES;
				CLANG_ENABLE_OBJC_ARC = YES;
				CLANG_ENABLE_OBJC_WEAK = YES;
				CLANG_WARN_BLOCK_CAPTURE_AUTORELEASING = YES;
				CLANG_WARN_BOOL_CONVERSION = YES;
				CLANG_WARN_COMMA = YES;
				CLANG_WARN_CONSTANT_CONVERSION = YES;
				CLANG_WARN_DEPRECATED_OBJC_IMPLEMENTATIONS = YES;
				CLANG_WARN_DIRECT_OBJC_ISA_USAGE = YES_ERROR;
				CLANG_WARN_DOCUMENTATION_COMMENTS = YES;
				CLANG_WARN_EMPTY_BODY = YES;
				CLANG_WARN_ENUM_CONVERSION = YES;
				CLANG_WARN_INFINITE_RECURSION = YES;
				CLANG_WARN_INT_CONVERSION = YES;
				CLANG_WARN_NON_LITERAL_NULL_CONVERSION = YES;
				CLANG_WARN_OBJC_IMPLICIT_RETAIN_SELF = YES;
				CLANG_WARN_OBJC_LITERAL_CONVERSION = YES;
				CLANG_WARN_OBJC_ROOT_CLASS = YES_ERROR;
				CLANG_WARN_QUOTED_INCLUDE_IN_FRAMEWORK_HEADER = YES;
				CLANG_WARN_RANGE_LOOP_ANALYSIS = YES;
				CLANG_WARN_STRICT_PROTOTYPES = YES;
				CLANG_WARN_SUSPICIOUS_MOVE = YES;
				CLANG_WARN_UNGUARDED_AVAILABILITY = YES_AGGRESSIVE;
				CLANG_WARN_UNREACHABLE_CODE = YES;
				CLANG_WARN__DUPLICATE_METHOD_MATCH = YES;
				COPY_PHASE_STRIP = NO;
				DEBUG_INFORMATION_FORMAT = "dwarf-with-dsym";
				ENABLE_NS_ASSERTIONS = NO;
				ENABLE_STRICT_OBJC_MSGSEND = YES;
				GCC_C_LANGUAGE_STANDARD = gnu11;
				GCC_NO_COMMON_BLOCKS = YES;
				GCC_WARN_64_TO_32_BIT_CONVERSION = YES;
				GCC_WARN_ABOUT_RETURN_TYPE = YES_ERROR;
				GCC_WARN_UNDECLARED_SELECTOR = YES;
				GCC_WARN_UNINITIALIZED_AUTOS = YES_AGGRESSIVE;
				GCC_WARN_UNUSED_FUNCTION = YES;
				GCC_WARN_UNUSED_VARIABLE = YES;
				IPHONEOS_DEPLOYMENT_TARGET = 14.0;
				MTL_ENABLE_DEBUG_INFO = NO;
				MTL_FAST_MATH = YES;
				SDKROOT = iphoneos;
				SWIFT_COMPILATION_MODE = wholemodule;
				SWIFT_OPTIMIZATION_LEVEL = "-O";
				VALIDATE_PRODUCT = YES;
			};
			name = Release;
		};
		495E8E01253256E200E7FFAD /* Debug */ = {
			isa = XCBuildConfiguration;
			buildSettings = {
				ASSETCATALOG_COMPILER_APPICON_NAME = AppIcon;
				ASSETCATALOG_COMPILER_GLOBAL_ACCENT_COLOR_NAME = AccentColor;
				CODE_SIGN_STYLE = Automatic;
				DEVELOPMENT_TEAM = Y5595L6V2B;
				ENABLE_PREVIEWS = YES;
				INFOPLIST_FILE = "Nearby/Supporting Files/Info.plist";
				LD_RUNPATH_SEARCH_PATHS = (
					"$(inherited)",
					"@executable_path/Frameworks",
				);
				PRODUCT_BUNDLE_IDENTIFIER = com.op.Nearby;
				PRODUCT_NAME = "$(TARGET_NAME)";
				SWIFT_VERSION = 5.0;
				TARGETED_DEVICE_FAMILY = "1,2";
			};
			name = Debug;
		};
		495E8E02253256E200E7FFAD /* Release */ = {
			isa = XCBuildConfiguration;
			buildSettings = {
				ASSETCATALOG_COMPILER_APPICON_NAME = AppIcon;
				ASSETCATALOG_COMPILER_GLOBAL_ACCENT_COLOR_NAME = AccentColor;
				CODE_SIGN_STYLE = Automatic;
				DEVELOPMENT_TEAM = Y5595L6V2B;
				ENABLE_PREVIEWS = YES;
				INFOPLIST_FILE = "Nearby/Supporting Files/Info.plist";
				LD_RUNPATH_SEARCH_PATHS = (
					"$(inherited)",
					"@executable_path/Frameworks",
				);
				PRODUCT_BUNDLE_IDENTIFIER = com.op.Nearby;
				PRODUCT_NAME = "$(TARGET_NAME)";
				SWIFT_VERSION = 5.0;
				TARGETED_DEVICE_FAMILY = "1,2";
			};
			name = Release;
		};
/* End XCBuildConfiguration section */

/* Begin XCConfigurationList section */
		495E8DE7253256DF00E7FFAD /* Build configuration list for PBXProject "Nearby" */ = {
			isa = XCConfigurationList;
			buildConfigurations = (
				495E8DFE253256E200E7FFAD /* Debug */,
				495E8DFF253256E200E7FFAD /* Release */,
			);
			defaultConfigurationIsVisible = 0;
			defaultConfigurationName = Release;
		};
		495E8E00253256E200E7FFAD /* Build configuration list for PBXNativeTarget "Nearby" */ = {
			isa = XCConfigurationList;
			buildConfigurations = (
				495E8E01253256E200E7FFAD /* Debug */,
				495E8E02253256E200E7FFAD /* Release */,
			);
			defaultConfigurationIsVisible = 0;
			defaultConfigurationName = Release;
		};
/* End XCConfigurationList section */

/* Begin XCRemoteSwiftPackageReference section */
		495E8E0A25325EFB00E7FFAD /* XCRemoteSwiftPackageReference "SnapKit" */ = {
			isa = XCRemoteSwiftPackageReference;
			repositoryURL = "https://github.com/SnapKit/SnapKit";
			requirement = {
				kind = upToNextMajorVersion;
				minimumVersion = 5.0.1;
			};
		};
		498B7339253510BC00AD1A9F /* XCRemoteSwiftPackageReference "ReSwift" */ = {
			isa = XCRemoteSwiftPackageReference;
			repositoryURL = "https://github.com/ReSwift/ReSwift";
			requirement = {
				kind = upToNextMajorVersion;
				minimumVersion = 6.0.0;
			};
		};
/* End XCRemoteSwiftPackageReference section */

/* Begin XCSwiftPackageProductDependency section */
		495E8E0B25325EFB00E7FFAD /* SnapKit */ = {
			isa = XCSwiftPackageProductDependency;
			package = 495E8E0A25325EFB00E7FFAD /* XCRemoteSwiftPackageReference "SnapKit" */;
			productName = SnapKit;
		};
		498B733A253510BC00AD1A9F /* ReSwift */ = {
			isa = XCSwiftPackageProductDependency;
			package = 498B7339253510BC00AD1A9F /* XCRemoteSwiftPackageReference "ReSwift" */;
			productName = ReSwift;
		};
/* End XCSwiftPackageProductDependency section */
	};
	rootObject = 495E8DE4253256DF00E7FFAD /* Project object */;
}
